
Microsoft Visual Studio Solution File, Format Version 12.00
# Visual Studio Version 17
VisualStudioVersion = 17.3.32929.385
MinimumVisualStudioVersion = 10.0.40219.1
Project("{FAE04EC0-301F-11D3-BF4B-00C04F79EFBC}") = "TaiwainStock.Utility", "TaiwainStock.Utility\TaiwainStock.Utility.csproj", "{16946AA5-B687-4348-804A-11CBA15F3BB0}"
EndProject
Project("{FAE04EC0-301F-11D3-BF4B-00C04F79EFBC}") = "TestProject1", "TestProject1\TestProject1.csproj", "{086995D8-AD88-4072-BA74-8C9D1F5AAFD8}"
EndProject
Global
	GlobalSection(SolutionConfigurationPlatforms) = preSolution
		Debug|Any CPU = Debug|Any CPU
		Release|Any CPU = Release|Any CPU
	EndGlobalSection
	GlobalSection(ProjectConfigurationPlatforms) = postSolution
		{16946AA5-B687-4348-804A-11CBA15F3BB0}.Debug|Any CPU.ActiveCfg = Debug|Any CPU
		{16946AA5-B687-4348-804A-11CBA15F3BB0}.Debug|Any CPU.Build.0 = Debug|Any CPU
		{16946AA5-B687-4348-804A-11CBA15F3BB0}.Release|Any CPU.ActiveCfg = Release|Any CPU
		{16946AA5-B687-4348-804A-11CBA15F3BB0}.Release|Any CPU.Build.0 = Release|Any CPU
		{086995D8-AD88-4072-BA74-8C9D1F5AAFD8}.Debug|Any CPU.ActiveCfg = Debug|Any CPU
		{086995D8-AD88-4072-BA74-8C9D1F5AAFD8}.Debug|Any CPU.Build.0 = Debug|Any CPU
		{086995D8-AD88-4072-BA74-8C9D1F5AAFD8}.Release|Any CPU.ActiveCfg = Release|Any CPU
		{086995D8-AD88-4072-BA74-8C9D1F5AAFD8}.Release|Any CPU.Build.0 = Release|Any CPU
	EndGlobalSection
	GlobalSection(SolutionProperties) = preSolution
		HideSolutionNode = FALSE
	EndGlobalSection
	GlobalSection(ExtensibilityGlobals) = postSolution
		SolutionGuid = {8DBBD54D-C5E0-4F0E-931A-572A4245A194}
	EndGlobalSection
EndGlobal
